
Microsoft Visual Studio Solution File, Format Version 12.00
# Visual Studio Version 16
VisualStudioVersion = 16.0.29215.179
MinimumVisualStudioVersion = 10.0.40219.1
Project("{FAE04EC0-301F-11D3-BF4B-00C04F79EFBC}") = "Exercises.IocContainer", "Exercises.IocContainer.csproj", "{FAAC168E-4589-48F0-9C9A-D7B929DD4941}"
EndProject
Global
	GlobalSection(SolutionConfigurationPlatforms) = preSolution
		Debug|Any CPU = Debug|Any CPU
		Release|Any CPU = Release|Any CPU
	EndGlobalSection
	GlobalSection(ProjectConfigurationPlatforms) = postSolution
		{FAAC168E-4589-48F0-9C9A-D7B929DD4941}.Debug|Any CPU.ActiveCfg = Debug|Any CPU
		{FAAC168E-4589-48F0-9C9A-D7B929DD4941}.Debug|Any CPU.Build.0 = Debug|Any CPU
		{FAAC168E-4589-48F0-9C9A-D7B929DD4941}.Release|Any CPU.ActiveCfg = Release|Any CPU
		{FAAC168E-4589-48F0-9C9A-D7B929DD4941}.Release|Any CPU.Build.0 = Release|Any CPU
	EndGlobalSection
	GlobalSection(SolutionProperties) = preSolution
		HideSolutionNode = FALSE
	EndGlobalSection
	GlobalSection(ExtensibilityGlobals) = postSolution
		SolutionGuid = {8968B062-6AE9-40C1-A25B-B28AD725FD2E}
	EndGlobalSection
EndGlobal
