
Microsoft Visual Studio Solution File, Format Version 12.00
# Visual Studio Version 16
VisualStudioVersion = 16.0.29403.142
MinimumVisualStudioVersion = 10.0.40219.1
Project("{FAE04EC0-301F-11D3-BF4B-00C04F79EFBC}") = "GameInterface", "GameInterface.csproj", "{0C7BF72D-7D62-46FF-B656-1499079DFBB2}"
EndProject
Global
	GlobalSection(SolutionConfigurationPlatforms) = preSolution
		Debug|Any CPU = Debug|Any CPU
		Release|Any CPU = Release|Any CPU
	EndGlobalSection
	GlobalSection(ProjectConfigurationPlatforms) = postSolution
		{0C7BF72D-7D62-46FF-B656-1499079DFBB2}.Debug|Any CPU.ActiveCfg = Debug|Any CPU
		{0C7BF72D-7D62-46FF-B656-1499079DFBB2}.Debug|Any CPU.Build.0 = Debug|Any CPU
		{0C7BF72D-7D62-46FF-B656-1499079DFBB2}.Release|Any CPU.ActiveCfg = Release|Any CPU
		{0C7BF72D-7D62-46FF-B656-1499079DFBB2}.Release|Any CPU.Build.0 = Release|Any CPU
	EndGlobalSection
	GlobalSection(SolutionProperties) = preSolution
		HideSolutionNode = FALSE
	EndGlobalSection
	GlobalSection(ExtensibilityGlobals) = postSolution
		SolutionGuid = {4D7F40FB-1F11-4AEF-8146-55ED7FCA2F6E}
	EndGlobalSection
EndGlobal
